
Microsoft Visual Studio Solution File, Format Version 12.00
# Visual Studio 15
VisualStudioVersion = 15.0.27004.2009
MinimumVisualStudioVersion = 10.0.40219.1
Project("{2150E333-8FDC-42A3-9474-1A3956D46DE8}") = "1.Model", "1.Model", "{68342847-0710-4B71-871E-DBCD661FA43F}"
EndProject
Project("{2150E333-8FDC-42A3-9474-1A3956D46DE8}") = "2.Extenctions", "2.Extenctions", "{79FD099D-4910-48C2-9218-EAC73B8C58D5}"
EndProject
Project("{2150E333-8FDC-42A3-9474-1A3956D46DE8}") = "3.Mobile", "3.Mobile", "{1921E1AF-B6AC-44D3-9136-28FFD54FB13C}"
EndProject
Project("{FAE04EC0-301F-11D3-BF4B-00C04F79EFBC}") = "RJB.Model", "RJB.Model\RJB.Model.csproj", "{AB6A0370-D546-48D4-A4BB-59D98C775443}"
EndProject
Project("{FAE04EC0-301F-11D3-BF4B-00C04F79EFBC}") = "RJB.HttpExtinction", "RJB.HttpExtinction\RJB.HttpExtinction.csproj", "{DE5B5B73-167B-4F68-B2A7-8A3840AD3F95}"
EndProject
Project("{FAE04EC0-301F-11D3-BF4B-00C04F79EFBC}") = "RJF.MobileApp", "RJF.MobileApp\RJF.MobileApp\RJF.MobileApp.csproj", "{752CD08D-D2ED-4A95-AA85-B62B68203E7F}"
EndProject
Project("{FAE04EC0-301F-11D3-BF4B-00C04F79EFBC}") = "RJF.MobileApp.Android", "RJF.MobileApp\RJF.MobileApp.Android\RJF.MobileApp.Android.csproj", "{64D98329-3F16-4358-8B44-10026924C8BC}"
EndProject
Project("{FAE04EC0-301F-11D3-BF4B-00C04F79EFBC}") = "RJF.MobileApp.iOS", "RJF.MobileApp\RJF.MobileApp.iOS\RJF.MobileApp.iOS.csproj", "{EF1C8F0B-E8DB-41B3-A359-BE4DE1987838}"
EndProject
Project("{FAE04EC0-301F-11D3-BF4B-00C04F79EFBC}") = "RJF.MobileApp.UWP", "RJF.MobileApp\RJF.MobileApp.UWP\RJF.MobileApp.UWP.csproj", "{19E7379E-12DD-4111-BA6C-811F82742DC9}"
EndProject
Global
	GlobalSection(SolutionConfigurationPlatforms) = preSolution
		Ad-Hoc|Any CPU = Ad-Hoc|Any CPU
		Ad-Hoc|ARM = Ad-Hoc|ARM
		Ad-Hoc|iPhone = Ad-Hoc|iPhone
		Ad-Hoc|iPhoneSimulator = Ad-Hoc|iPhoneSimulator
		Ad-Hoc|x64 = Ad-Hoc|x64
		Ad-Hoc|x86 = Ad-Hoc|x86
		AppStore|Any CPU = AppStore|Any CPU
		AppStore|ARM = AppStore|ARM
		AppStore|iPhone = AppStore|iPhone
		AppStore|iPhoneSimulator = AppStore|iPhoneSimulator
		AppStore|x64 = AppStore|x64
		AppStore|x86 = AppStore|x86
		Debug|Any CPU = Debug|Any CPU
		Debug|ARM = Debug|ARM
		Debug|iPhone = Debug|iPhone
		Debug|iPhoneSimulator = Debug|iPhoneSimulator
		Debug|x64 = Debug|x64
		Debug|x86 = Debug|x86
		Release|Any CPU = Release|Any CPU
		Release|ARM = Release|ARM
		Release|iPhone = Release|iPhone
		Release|iPhoneSimulator = Release|iPhoneSimulator
		Release|x64 = Release|x64
		Release|x86 = Release|x86
	EndGlobalSection
	GlobalSection(ProjectConfigurationPlatforms) = postSolution
		{AB6A0370-D546-48D4-A4BB-59D98C775443}.Ad-Hoc|Any CPU.ActiveCfg = Release|Any CPU
		{AB6A0370-D546-48D4-A4BB-59D98C775443}.Ad-Hoc|Any CPU.Build.0 = Release|Any CPU
		{AB6A0370-D546-48D4-A4BB-59D98C775443}.Ad-Hoc|ARM.ActiveCfg = Release|Any CPU
		{AB6A0370-D546-48D4-A4BB-59D98C775443}.Ad-Hoc|ARM.Build.0 = Release|Any CPU
		{AB6A0370-D546-48D4-A4BB-59D98C775443}.Ad-Hoc|iPhone.ActiveCfg = Release|Any CPU
		{AB6A0370-D546-48D4-A4BB-59D98C775443}.Ad-Hoc|iPhone.Build.0 = Release|Any CPU
		{AB6A0370-D546-48D4-A4BB-59D98C775443}.Ad-Hoc|iPhoneSimulator.ActiveCfg = Release|Any CPU
		{AB6A0370-D546-48D4-A4BB-59D98C775443}.Ad-Hoc|iPhoneSimulator.Build.0 = Release|Any CPU
		{AB6A0370-D546-48D4-A4BB-59D98C775443}.Ad-Hoc|x64.ActiveCfg = Release|Any CPU
		{AB6A0370-D546-48D4-A4BB-59D98C775443}.Ad-Hoc|x64.Build.0 = Release|Any CPU
		{AB6A0370-D546-48D4-A4BB-59D98C775443}.Ad-Hoc|x86.ActiveCfg = Release|Any CPU
		{AB6A0370-D546-48D4-A4BB-59D98C775443}.Ad-Hoc|x86.Build.0 = Release|Any CPU
		{AB6A0370-D546-48D4-A4BB-59D98C775443}.AppStore|Any CPU.ActiveCfg = Release|Any CPU
		{AB6A0370-D546-48D4-A4BB-59D98C775443}.AppStore|Any CPU.Build.0 = Release|Any CPU
		{AB6A0370-D546-48D4-A4BB-59D98C775443}.AppStore|ARM.ActiveCfg = Release|Any CPU
		{AB6A0370-D546-48D4-A4BB-59D98C775443}.AppStore|ARM.Build.0 = Release|Any CPU
		{AB6A0370-D546-48D4-A4BB-59D98C775443}.AppStore|iPhone.ActiveCfg = Release|Any CPU
		{AB6A0370-D546-48D4-A4BB-59D98C775443}.AppStore|iPhone.Build.0 = Release|Any CPU
		{AB6A0370-D546-48D4-A4BB-59D98C775443}.AppStore|iPhoneSimulator.ActiveCfg = Release|Any CPU
		{AB6A0370-D546-48D4-A4BB-59D98C775443}.AppStore|iPhoneSimulator.Build.0 = Release|Any CPU
		{AB6A0370-D546-48D4-A4BB-59D98C775443}.AppStore|x64.ActiveCfg = Release|Any CPU
		{AB6A0370-D546-48D4-A4BB-59D98C775443}.AppStore|x64.Build.0 = Release|Any CPU
		{AB6A0370-D546-48D4-A4BB-59D98C775443}.AppStore|x86.ActiveCfg = Release|Any CPU
		{AB6A0370-D546-48D4-A4BB-59D98C775443}.AppStore|x86.Build.0 = Release|Any CPU
		{AB6A0370-D546-48D4-A4BB-59D98C775443}.Debug|Any CPU.ActiveCfg = Debug|Any CPU
		{AB6A0370-D546-48D4-A4BB-59D98C775443}.Debug|Any CPU.Build.0 = Debug|Any CPU
		{AB6A0370-D546-48D4-A4BB-59D98C775443}.Debug|ARM.ActiveCfg = Debug|Any CPU
		{AB6A0370-D546-48D4-A4BB-59D98C775443}.Debug|ARM.Build.0 = Debug|Any CPU
		{AB6A0370-D546-48D4-A4BB-59D98C775443}.Debug|iPhone.ActiveCfg = Debug|Any CPU
		{AB6A0370-D546-48D4-A4BB-59D98C775443}.Debug|iPhone.Build.0 = Debug|Any CPU
		{AB6A0370-D546-48D4-A4BB-59D98C775443}.Debug|iPhoneSimulator.ActiveCfg = Debug|Any CPU
		{AB6A0370-D546-48D4-A4BB-59D98C775443}.Debug|iPhoneSimulator.Build.0 = Debug|Any CPU
		{AB6A0370-D546-48D4-A4BB-59D98C775443}.Debug|x64.ActiveCfg = Debug|Any CPU
		{AB6A0370-D546-48D4-A4BB-59D98C775443}.Debug|x64.Build.0 = Debug|Any CPU
		{AB6A0370-D546-48D4-A4BB-59D98C775443}.Debug|x86.ActiveCfg = Debug|Any CPU
		{AB6A0370-D546-48D4-A4BB-59D98C775443}.Debug|x86.Build.0 = Debug|Any CPU
		{AB6A0370-D546-48D4-A4BB-59D98C775443}.Release|Any CPU.ActiveCfg = Release|Any CPU
		{AB6A0370-D546-48D4-A4BB-59D98C775443}.Release|Any CPU.Build.0 = Release|Any CPU
		{AB6A0370-D546-48D4-A4BB-59D98C775443}.Release|ARM.ActiveCfg = Release|Any CPU
		{AB6A0370-D546-48D4-A4BB-59D98C775443}.Release|ARM.Build.0 = Release|Any CPU
		{AB6A0370-D546-48D4-A4BB-59D98C775443}.Release|iPhone.ActiveCfg = Release|Any CPU
		{AB6A0370-D546-48D4-A4BB-59D98C775443}.Release|iPhone.Build.0 = Release|Any CPU
		{AB6A0370-D546-48D4-A4BB-59D98C775443}.Release|iPhoneSimulator.ActiveCfg = Release|Any CPU
		{AB6A0370-D546-48D4-A4BB-59D98C775443}.Release|iPhoneSimulator.Build.0 = Release|Any CPU
		{AB6A0370-D546-48D4-A4BB-59D98C775443}.Release|x64.ActiveCfg = Release|Any CPU
		{AB6A0370-D546-48D4-A4BB-59D98C775443}.Release|x64.Build.0 = Release|Any CPU
		{AB6A0370-D546-48D4-A4BB-59D98C775443}.Release|x86.ActiveCfg = Release|Any CPU
		{AB6A0370-D546-48D4-A4BB-59D98C775443}.Release|x86.Build.0 = Release|Any CPU
		{DE5B5B73-167B-4F68-B2A7-8A3840AD3F95}.Ad-Hoc|Any CPU.ActiveCfg = Release|Any CPU
		{DE5B5B73-167B-4F68-B2A7-8A3840AD3F95}.Ad-Hoc|Any CPU.Build.0 = Release|Any CPU
		{DE5B5B73-167B-4F68-B2A7-8A3840AD3F95}.Ad-Hoc|ARM.ActiveCfg = Release|Any CPU
		{DE5B5B73-167B-4F68-B2A7-8A3840AD3F95}.Ad-Hoc|ARM.Build.0 = Release|Any CPU
		{DE5B5B73-167B-4F68-B2A7-8A3840AD3F95}.Ad-Hoc|iPhone.ActiveCfg = Release|Any CPU
		{DE5B5B73-167B-4F68-B2A7-8A3840AD3F95}.Ad-Hoc|iPhone.Build.0 = Release|Any CPU
		{DE5B5B73-167B-4F68-B2A7-8A3840AD3F95}.Ad-Hoc|iPhoneSimulator.ActiveCfg = Release|Any CPU
		{DE5B5B73-167B-4F68-B2A7-8A3840AD3F95}.Ad-Hoc|iPhoneSimulator.Build.0 = Release|Any CPU
		{DE5B5B73-167B-4F68-B2A7-8A3840AD3F95}.Ad-Hoc|x64.ActiveCfg = Release|Any CPU
		{DE5B5B73-167B-4F68-B2A7-8A3840AD3F95}.Ad-Hoc|x64.Build.0 = Release|Any CPU
		{DE5B5B73-167B-4F68-B2A7-8A3840AD3F95}.Ad-Hoc|x86.ActiveCfg = Release|Any CPU
		{DE5B5B73-167B-4F68-B2A7-8A3840AD3F95}.Ad-Hoc|x86.Build.0 = Release|Any CPU
		{DE5B5B73-167B-4F68-B2A7-8A3840AD3F95}.AppStore|Any CPU.ActiveCfg = Release|Any CPU
		{DE5B5B73-167B-4F68-B2A7-8A3840AD3F95}.AppStore|Any CPU.Build.0 = Release|Any CPU
		{DE5B5B73-167B-4F68-B2A7-8A3840AD3F95}.AppStore|ARM.ActiveCfg = Release|Any CPU
		{DE5B5B73-167B-4F68-B2A7-8A3840AD3F95}.AppStore|ARM.Build.0 = Release|Any CPU
		{DE5B5B73-167B-4F68-B2A7-8A3840AD3F95}.AppStore|iPhone.ActiveCfg = Release|Any CPU
		{DE5B5B73-167B-4F68-B2A7-8A3840AD3F95}.AppStore|iPhone.Build.0 = Release|Any CPU
		{DE5B5B73-167B-4F68-B2A7-8A3840AD3F95}.AppStore|iPhoneSimulator.ActiveCfg = Release|Any CPU
		{DE5B5B73-167B-4F68-B2A7-8A3840AD3F95}.AppStore|iPhoneSimulator.Build.0 = Release|Any CPU
		{DE5B5B73-167B-4F68-B2A7-8A3840AD3F95}.AppStore|x64.ActiveCfg = Release|Any CPU
		{DE5B5B73-167B-4F68-B2A7-8A3840AD3F95}.AppStore|x64.Build.0 = Release|Any CPU
		{DE5B5B73-167B-4F68-B2A7-8A3840AD3F95}.AppStore|x86.ActiveCfg = Release|Any CPU
		{DE5B5B73-167B-4F68-B2A7-8A3840AD3F95}.AppStore|x86.Build.0 = Release|Any CPU
		{DE5B5B73-167B-4F68-B2A7-8A3840AD3F95}.Debug|Any CPU.ActiveCfg = Debug|Any CPU
		{DE5B5B73-167B-4F68-B2A7-8A3840AD3F95}.Debug|Any CPU.Build.0 = Debug|Any CPU
		{DE5B5B73-167B-4F68-B2A7-8A3840AD3F95}.Debug|ARM.ActiveCfg = Debug|Any CPU
		{DE5B5B73-167B-4F68-B2A7-8A3840AD3F95}.Debug|ARM.Build.0 = Debug|Any CPU
		{DE5B5B73-167B-4F68-B2A7-8A3840AD3F95}.Debug|iPhone.ActiveCfg = Debug|Any CPU
		{DE5B5B73-167B-4F68-B2A7-8A3840AD3F95}.Debug|iPhone.Build.0 = Debug|Any CPU
		{DE5B5B73-167B-4F68-B2A7-8A3840AD3F95}.Debug|iPhoneSimulator.ActiveCfg = Debug|Any CPU
		{DE5B5B73-167B-4F68-B2A7-8A3840AD3F95}.Debug|iPhoneSimulator.Build.0 = Debug|Any CPU
		{DE5B5B73-167B-4F68-B2A7-8A3840AD3F95}.Debug|x64.ActiveCfg = Debug|Any CPU
		{DE5B5B73-167B-4F68-B2A7-8A3840AD3F95}.Debug|x64.Build.0 = Debug|Any CPU
		{DE5B5B73-167B-4F68-B2A7-8A3840AD3F95}.Debug|x86.ActiveCfg = Debug|Any CPU
		{DE5B5B73-167B-4F68-B2A7-8A3840AD3F95}.Debug|x86.Build.0 = Debug|Any CPU
		{DE5B5B73-167B-4F68-B2A7-8A3840AD3F95}.Release|Any CPU.ActiveCfg = Release|Any CPU
		{DE5B5B73-167B-4F68-B2A7-8A3840AD3F95}.Release|Any CPU.Build.0 = Release|Any CPU
		{DE5B5B73-167B-4F68-B2A7-8A3840AD3F95}.Release|ARM.ActiveCfg = Release|Any CPU
		{DE5B5B73-167B-4F68-B2A7-8A3840AD3F95}.Release|ARM.Build.0 = Release|Any CPU
		{DE5B5B73-167B-4F68-B2A7-8A3840AD3F95}.Release|iPhone.ActiveCfg = Release|Any CPU
		{DE5B5B73-167B-4F68-B2A7-8A3840AD3F95}.Release|iPhone.Build.0 = Release|Any CPU
		{DE5B5B73-167B-4F68-B2A7-8A3840AD3F95}.Release|iPhoneSimulator.ActiveCfg = Release|Any CPU
		{DE5B5B73-167B-4F68-B2A7-8A3840AD3F95}.Release|iPhoneSimulator.Build.0 = Release|Any CPU
		{DE5B5B73-167B-4F68-B2A7-8A3840AD3F95}.Release|x64.ActiveCfg = Release|Any CPU
		{DE5B5B73-167B-4F68-B2A7-8A3840AD3F95}.Release|x64.Build.0 = Release|Any CPU
		{DE5B5B73-167B-4F68-B2A7-8A3840AD3F95}.Release|x86.ActiveCfg = Release|Any CPU
		{DE5B5B73-167B-4F68-B2A7-8A3840AD3F95}.Release|x86.Build.0 = Release|Any CPU
		{752CD08D-D2ED-4A95-AA85-B62B68203E7F}.Ad-Hoc|Any CPU.ActiveCfg = Release|Any CPU
		{752CD08D-D2ED-4A95-AA85-B62B68203E7F}.Ad-Hoc|Any CPU.Build.0 = Release|Any CPU
		{752CD08D-D2ED-4A95-AA85-B62B68203E7F}.Ad-Hoc|ARM.ActiveCfg = Release|Any CPU
		{752CD08D-D2ED-4A95-AA85-B62B68203E7F}.Ad-Hoc|ARM.Build.0 = Release|Any CPU
		{752CD08D-D2ED-4A95-AA85-B62B68203E7F}.Ad-Hoc|iPhone.ActiveCfg = Release|Any CPU
		{752CD08D-D2ED-4A95-AA85-B62B68203E7F}.Ad-Hoc|iPhone.Build.0 = Release|Any CPU
		{752CD08D-D2ED-4A95-AA85-B62B68203E7F}.Ad-Hoc|iPhoneSimulator.ActiveCfg = Release|Any CPU
		{752CD08D-D2ED-4A95-AA85-B62B68203E7F}.Ad-Hoc|iPhoneSimulator.Build.0 = Release|Any CPU
		{752CD08D-D2ED-4A95-AA85-B62B68203E7F}.Ad-Hoc|x64.ActiveCfg = Release|Any CPU
		{752CD08D-D2ED-4A95-AA85-B62B68203E7F}.Ad-Hoc|x64.Build.0 = Release|Any CPU
		{752CD08D-D2ED-4A95-AA85-B62B68203E7F}.Ad-Hoc|x86.ActiveCfg = Release|Any CPU
		{752CD08D-D2ED-4A95-AA85-B62B68203E7F}.Ad-Hoc|x86.Build.0 = Release|Any CPU
		{752CD08D-D2ED-4A95-AA85-B62B68203E7F}.AppStore|Any CPU.ActiveCfg = Release|Any CPU
		{752CD08D-D2ED-4A95-AA85-B62B68203E7F}.AppStore|Any CPU.Build.0 = Release|Any CPU
		{752CD08D-D2ED-4A95-AA85-B62B68203E7F}.AppStore|ARM.ActiveCfg = Release|Any CPU
		{752CD08D-D2ED-4A95-AA85-B62B68203E7F}.AppStore|ARM.Build.0 = Release|Any CPU
		{752CD08D-D2ED-4A95-AA85-B62B68203E7F}.AppStore|iPhone.ActiveCfg = Release|Any CPU
		{752CD08D-D2ED-4A95-AA85-B62B68203E7F}.AppStore|iPhone.Build.0 = Release|Any CPU
		{752CD08D-D2ED-4A95-AA85-B62B68203E7F}.AppStore|iPhoneSimulator.ActiveCfg = Release|Any CPU
		{752CD08D-D2ED-4A95-AA85-B62B68203E7F}.AppStore|iPhoneSimulator.Build.0 = Release|Any CPU
		{752CD08D-D2ED-4A95-AA85-B62B68203E7F}.AppStore|x64.ActiveCfg = Release|Any CPU
		{752CD08D-D2ED-4A95-AA85-B62B68203E7F}.AppStore|x64.Build.0 = Release|Any CPU
		{752CD08D-D2ED-4A95-AA85-B62B68203E7F}.AppStore|x86.ActiveCfg = Release|Any CPU
		{752CD08D-D2ED-4A95-AA85-B62B68203E7F}.AppStore|x86.Build.0 = Release|Any CPU
		{752CD08D-D2ED-4A95-AA85-B62B68203E7F}.Debug|Any CPU.ActiveCfg = Debug|Any CPU
		{752CD08D-D2ED-4A95-AA85-B62B68203E7F}.Debug|Any CPU.Build.0 = Debug|Any CPU
		{752CD08D-D2ED-4A95-AA85-B62B68203E7F}.Debug|ARM.ActiveCfg = Debug|Any CPU
		{752CD08D-D2ED-4A95-AA85-B62B68203E7F}.Debug|ARM.Build.0 = Debug|Any CPU
		{752CD08D-D2ED-4A95-AA85-B62B68203E7F}.Debug|iPhone.ActiveCfg = Debug|Any CPU
		{752CD08D-D2ED-4A95-AA85-B62B68203E7F}.Debug|iPhone.Build.0 = Debug|Any CPU
		{752CD08D-D2ED-4A95-AA85-B62B68203E7F}.Debug|iPhoneSimulator.ActiveCfg = Debug|Any CPU
		{752CD08D-D2ED-4A95-AA85-B62B68203E7F}.Debug|iPhoneSimulator.Build.0 = Debug|Any CPU
		{752CD08D-D2ED-4A95-AA85-B62B68203E7F}.Debug|x64.ActiveCfg = Debug|Any CPU
		{752CD08D-D2ED-4A95-AA85-B62B68203E7F}.Debug|x64.Build.0 = Debug|Any CPU
		{752CD08D-D2ED-4A95-AA85-B62B68203E7F}.Debug|x86.ActiveCfg = Debug|Any CPU
		{752CD08D-D2ED-4A95-AA85-B62B68203E7F}.Debug|x86.Build.0 = Debug|Any CPU
		{752CD08D-D2ED-4A95-AA85-B62B68203E7F}.Release|Any CPU.ActiveCfg = Release|Any CPU
		{752CD08D-D2ED-4A95-AA85-B62B68203E7F}.Release|Any CPU.Build.0 = Release|Any CPU
		{752CD08D-D2ED-4A95-AA85-B62B68203E7F}.Release|ARM.ActiveCfg = Release|Any CPU
		{752CD08D-D2ED-4A95-AA85-B62B68203E7F}.Release|ARM.Build.0 = Release|Any CPU
		{752CD08D-D2ED-4A95-AA85-B62B68203E7F}.Release|iPhone.ActiveCfg = Release|Any CPU
		{752CD08D-D2ED-4A95-AA85-B62B68203E7F}.Release|iPhone.Build.0 = Release|Any CPU
		{752CD08D-D2ED-4A95-AA85-B62B68203E7F}.Release|iPhoneSimulator.ActiveCfg = Release|Any CPU
		{752CD08D-D2ED-4A95-AA85-B62B68203E7F}.Release|iPhoneSimulator.Build.0 = Release|Any CPU
		{752CD08D-D2ED-4A95-AA85-B62B68203E7F}.Release|x64.ActiveCfg = Release|Any CPU
		{752CD08D-D2ED-4A95-AA85-B62B68203E7F}.Release|x64.Build.0 = Release|Any CPU
		{752CD08D-D2ED-4A95-AA85-B62B68203E7F}.Release|x86.ActiveCfg = Release|Any CPU
		{752CD08D-D2ED-4A95-AA85-B62B68203E7F}.Release|x86.Build.0 = Release|Any CPU
		{64D98329-3F16-4358-8B44-10026924C8BC}.Ad-Hoc|Any CPU.ActiveCfg = Release|Any CPU
		{64D98329-3F16-4358-8B44-10026924C8BC}.Ad-Hoc|Any CPU.Build.0 = Release|Any CPU
		{64D98329-3F16-4358-8B44-10026924C8BC}.Ad-Hoc|Any CPU.Deploy.0 = Release|Any CPU
		{64D98329-3F16-4358-8B44-10026924C8BC}.Ad-Hoc|ARM.ActiveCfg = Release|Any CPU
		{64D98329-3F16-4358-8B44-10026924C8BC}.Ad-Hoc|ARM.Build.0 = Release|Any CPU
		{64D98329-3F16-4358-8B44-10026924C8BC}.Ad-Hoc|ARM.Deploy.0 = Release|Any CPU
		{64D98329-3F16-4358-8B44-10026924C8BC}.Ad-Hoc|iPhone.ActiveCfg = Release|Any CPU
		{64D98329-3F16-4358-8B44-10026924C8BC}.Ad-Hoc|iPhone.Build.0 = Release|Any CPU
		{64D98329-3F16-4358-8B44-10026924C8BC}.Ad-Hoc|iPhone.Deploy.0 = Release|Any CPU
		{64D98329-3F16-4358-8B44-10026924C8BC}.Ad-Hoc|iPhoneSimulator.ActiveCfg = Release|Any CPU
		{64D98329-3F16-4358-8B44-10026924C8BC}.Ad-Hoc|iPhoneSimulator.Build.0 = Release|Any CPU
		{64D98329-3F16-4358-8B44-10026924C8BC}.Ad-Hoc|iPhoneSimulator.Deploy.0 = Release|Any CPU
		{64D98329-3F16-4358-8B44-10026924C8BC}.Ad-Hoc|x64.ActiveCfg = Release|Any CPU
		{64D98329-3F16-4358-8B44-10026924C8BC}.Ad-Hoc|x64.Build.0 = Release|Any CPU
		{64D98329-3F16-4358-8B44-10026924C8BC}.Ad-Hoc|x64.Deploy.0 = Release|Any CPU
		{64D98329-3F16-4358-8B44-10026924C8BC}.Ad-Hoc|x86.ActiveCfg = Release|Any CPU
		{64D98329-3F16-4358-8B44-10026924C8BC}.Ad-Hoc|x86.Build.0 = Release|Any CPU
		{64D98329-3F16-4358-8B44-10026924C8BC}.Ad-Hoc|x86.Deploy.0 = Release|Any CPU
		{64D98329-3F16-4358-8B44-10026924C8BC}.AppStore|Any CPU.ActiveCfg = Release|Any CPU
		{64D98329-3F16-4358-8B44-10026924C8BC}.AppStore|Any CPU.Build.0 = Release|Any CPU
		{64D98329-3F16-4358-8B44-10026924C8BC}.AppStore|Any CPU.Deploy.0 = Release|Any CPU
		{64D98329-3F16-4358-8B44-10026924C8BC}.AppStore|ARM.ActiveCfg = Release|Any CPU
		{64D98329-3F16-4358-8B44-10026924C8BC}.AppStore|ARM.Build.0 = Release|Any CPU
		{64D98329-3F16-4358-8B44-10026924C8BC}.AppStore|ARM.Deploy.0 = Release|Any CPU
		{64D98329-3F16-4358-8B44-10026924C8BC}.AppStore|iPhone.ActiveCfg = Release|Any CPU
		{64D98329-3F16-4358-8B44-10026924C8BC}.AppStore|iPhone.Build.0 = Release|Any CPU
		{64D98329-3F16-4358-8B44-10026924C8BC}.AppStore|iPhone.Deploy.0 = Release|Any CPU
		{64D98329-3F16-4358-8B44-10026924C8BC}.AppStore|iPhoneSimulator.ActiveCfg = Release|Any CPU
		{64D98329-3F16-4358-8B44-10026924C8BC}.AppStore|iPhoneSimulator.Build.0 = Release|Any CPU
		{64D98329-3F16-4358-8B44-10026924C8BC}.AppStore|iPhoneSimulator.Deploy.0 = Release|Any CPU
		{64D98329-3F16-4358-8B44-10026924C8BC}.AppStore|x64.ActiveCfg = Release|Any CPU
		{64D98329-3F16-4358-8B44-10026924C8BC}.AppStore|x64.Build.0 = Release|Any CPU
		{64D98329-3F16-4358-8B44-10026924C8BC}.AppStore|x64.Deploy.0 = Release|Any CPU
		{64D98329-3F16-4358-8B44-10026924C8BC}.AppStore|x86.ActiveCfg = Release|Any CPU
		{64D98329-3F16-4358-8B44-10026924C8BC}.AppStore|x86.Build.0 = Release|Any CPU
		{64D98329-3F16-4358-8B44-10026924C8BC}.AppStore|x86.Deploy.0 = Release|Any CPU
		{64D98329-3F16-4358-8B44-10026924C8BC}.Debug|Any CPU.ActiveCfg = Debug|Any CPU
		{64D98329-3F16-4358-8B44-10026924C8BC}.Debug|Any CPU.Build.0 = Debug|Any CPU
		{64D98329-3F16-4358-8B44-10026924C8BC}.Debug|Any CPU.Deploy.0 = Debug|Any CPU
		{64D98329-3F16-4358-8B44-10026924C8BC}.Debug|ARM.ActiveCfg = Debug|Any CPU
		{64D98329-3F16-4358-8B44-10026924C8BC}.Debug|ARM.Build.0 = Debug|Any CPU
		{64D98329-3F16-4358-8B44-10026924C8BC}.Debug|ARM.Deploy.0 = Debug|Any CPU
		{64D98329-3F16-4358-8B44-10026924C8BC}.Debug|iPhone.ActiveCfg = Debug|Any CPU
		{64D98329-3F16-4358-8B44-10026924C8BC}.Debug|iPhone.Build.0 = Debug|Any CPU
		{64D98329-3F16-4358-8B44-10026924C8BC}.Debug|iPhone.Deploy.0 = Debug|Any CPU
		{64D98329-3F16-4358-8B44-10026924C8BC}.Debug|iPhoneSimulator.ActiveCfg = Debug|Any CPU
		{64D98329-3F16-4358-8B44-10026924C8BC}.Debug|iPhoneSimulator.Build.0 = Debug|Any CPU
		{64D98329-3F16-4358-8B44-10026924C8BC}.Debug|iPhoneSimulator.Deploy.0 = Debug|Any CPU
		{64D98329-3F16-4358-8B44-10026924C8BC}.Debug|x64.ActiveCfg = Debug|Any CPU
		{64D98329-3F16-4358-8B44-10026924C8BC}.Debug|x64.Build.0 = Debug|Any CPU
		{64D98329-3F16-4358-8B44-10026924C8BC}.Debug|x64.Deploy.0 = Debug|Any CPU
		{64D98329-3F16-4358-8B44-10026924C8BC}.Debug|x86.ActiveCfg = Debug|Any CPU
		{64D98329-3F16-4358-8B44-10026924C8BC}.Debug|x86.Build.0 = Debug|Any CPU
		{64D98329-3F16-4358-8B44-10026924C8BC}.Debug|x86.Deploy.0 = Debug|Any CPU
		{64D98329-3F16-4358-8B44-10026924C8BC}.Release|Any CPU.ActiveCfg = Release|Any CPU
		{64D98329-3F16-4358-8B44-10026924C8BC}.Release|Any CPU.Build.0 = Release|Any CPU
		{64D98329-3F16-4358-8B44-10026924C8BC}.Release|Any CPU.Deploy.0 = Release|Any CPU
		{64D98329-3F16-4358-8B44-10026924C8BC}.Release|ARM.ActiveCfg = Release|Any CPU
		{64D98329-3F16-4358-8B44-10026924C8BC}.Release|ARM.Build.0 = Release|Any CPU
		{64D98329-3F16-4358-8B44-10026924C8BC}.Release|ARM.Deploy.0 = Release|Any CPU
		{64D98329-3F16-4358-8B44-10026924C8BC}.Release|iPhone.ActiveCfg = Release|Any CPU
		{64D98329-3F16-4358-8B44-10026924C8BC}.Release|iPhone.Build.0 = Release|Any CPU
		{64D98329-3F16-4358-8B44-10026924C8BC}.Release|iPhone.Deploy.0 = Release|Any CPU
		{64D98329-3F16-4358-8B44-10026924C8BC}.Release|iPhoneSimulator.ActiveCfg = Release|Any CPU
		{64D98329-3F16-4358-8B44-10026924C8BC}.Release|iPhoneSimulator.Build.0 = Release|Any CPU
		{64D98329-3F16-4358-8B44-10026924C8BC}.Release|iPhoneSimulator.Deploy.0 = Release|Any CPU
		{64D98329-3F16-4358-8B44-10026924C8BC}.Release|x64.ActiveCfg = Release|Any CPU
		{64D98329-3F16-4358-8B44-10026924C8BC}.Release|x64.Build.0 = Release|Any CPU
		{64D98329-3F16-4358-8B44-10026924C8BC}.Release|x64.Deploy.0 = Release|Any CPU
		{64D98329-3F16-4358-8B44-10026924C8BC}.Release|x86.ActiveCfg = Release|Any CPU
		{64D98329-3F16-4358-8B44-10026924C8BC}.Release|x86.Build.0 = Release|Any CPU
		{64D98329-3F16-4358-8B44-10026924C8BC}.Release|x86.Deploy.0 = Release|Any CPU
		{EF1C8F0B-E8DB-41B3-A359-BE4DE1987838}.Ad-Hoc|Any CPU.ActiveCfg = Ad-Hoc|iPhone
		{EF1C8F0B-E8DB-41B3-A359-BE4DE1987838}.Ad-Hoc|ARM.ActiveCfg = Ad-Hoc|iPhone
		{EF1C8F0B-E8DB-41B3-A359-BE4DE1987838}.Ad-Hoc|iPhone.ActiveCfg = Ad-Hoc|iPhone
		{EF1C8F0B-E8DB-41B3-A359-BE4DE1987838}.Ad-Hoc|iPhone.Build.0 = Ad-Hoc|iPhone
		{EF1C8F0B-E8DB-41B3-A359-BE4DE1987838}.Ad-Hoc|iPhoneSimulator.ActiveCfg = Ad-Hoc|iPhoneSimulator
		{EF1C8F0B-E8DB-41B3-A359-BE4DE1987838}.Ad-Hoc|iPhoneSimulator.Build.0 = Ad-Hoc|iPhoneSimulator
		{EF1C8F0B-E8DB-41B3-A359-BE4DE1987838}.Ad-Hoc|x64.ActiveCfg = Ad-Hoc|iPhone
		{EF1C8F0B-E8DB-41B3-A359-BE4DE1987838}.Ad-Hoc|x86.ActiveCfg = Ad-Hoc|iPhone
		{EF1C8F0B-E8DB-41B3-A359-BE4DE1987838}.AppStore|Any CPU.ActiveCfg = AppStore|iPhone
		{EF1C8F0B-E8DB-41B3-A359-BE4DE1987838}.AppStore|ARM.ActiveCfg = AppStore|iPhone
		{EF1C8F0B-E8DB-41B3-A359-BE4DE1987838}.AppStore|iPhone.ActiveCfg = AppStore|iPhone
		{EF1C8F0B-E8DB-41B3-A359-BE4DE1987838}.AppStore|iPhone.Build.0 = AppStore|iPhone
		{EF1C8F0B-E8DB-41B3-A359-BE4DE1987838}.AppStore|iPhoneSimulator.ActiveCfg = AppStore|iPhoneSimulator
		{EF1C8F0B-E8DB-41B3-A359-BE4DE1987838}.AppStore|iPhoneSimulator.Build.0 = AppStore|iPhoneSimulator
		{EF1C8F0B-E8DB-41B3-A359-BE4DE1987838}.AppStore|x64.ActiveCfg = AppStore|iPhone
		{EF1C8F0B-E8DB-41B3-A359-BE4DE1987838}.AppStore|x86.ActiveCfg = AppStore|iPhone
		{EF1C8F0B-E8DB-41B3-A359-BE4DE1987838}.Debug|Any CPU.ActiveCfg = Debug|iPhone
		{EF1C8F0B-E8DB-41B3-A359-BE4DE1987838}.Debug|ARM.ActiveCfg = Debug|iPhone
		{EF1C8F0B-E8DB-41B3-A359-BE4DE1987838}.Debug|iPhone.ActiveCfg = Debug|iPhone
		{EF1C8F0B-E8DB-41B3-A359-BE4DE1987838}.Debug|iPhone.Build.0 = Debug|iPhone
		{EF1C8F0B-E8DB-41B3-A359-BE4DE1987838}.Debug|iPhoneSimulator.ActiveCfg = Debug|iPhoneSimulator
		{EF1C8F0B-E8DB-41B3-A359-BE4DE1987838}.Debug|iPhoneSimulator.Build.0 = Debug|iPhoneSimulator
		{EF1C8F0B-E8DB-41B3-A359-BE4DE1987838}.Debug|x64.ActiveCfg = Debug|iPhone
		{EF1C8F0B-E8DB-41B3-A359-BE4DE1987838}.Debug|x86.ActiveCfg = Debug|iPhone
		{EF1C8F0B-E8DB-41B3-A359-BE4DE1987838}.Release|Any CPU.ActiveCfg = Release|iPhone
		{EF1C8F0B-E8DB-41B3-A359-BE4DE1987838}.Release|ARM.ActiveCfg = Release|iPhone
		{EF1C8F0B-E8DB-41B3-A359-BE4DE1987838}.Release|iPhone.ActiveCfg = Release|iPhone
		{EF1C8F0B-E8DB-41B3-A359-BE4DE1987838}.Release|iPhone.Build.0 = Release|iPhone
		{EF1C8F0B-E8DB-41B3-A359-BE4DE1987838}.Release|iPhoneSimulator.ActiveCfg = Release|iPhoneSimulator
		{EF1C8F0B-E8DB-41B3-A359-BE4DE1987838}.Release|iPhoneSimulator.Build.0 = Release|iPhoneSimulator
		{EF1C8F0B-E8DB-41B3-A359-BE4DE1987838}.Release|x64.ActiveCfg = Release|iPhone
		{EF1C8F0B-E8DB-41B3-A359-BE4DE1987838}.Release|x86.ActiveCfg = Release|iPhone
		{19E7379E-12DD-4111-BA6C-811F82742DC9}.Ad-Hoc|Any CPU.ActiveCfg = Release|x86
		{19E7379E-12DD-4111-BA6C-811F82742DC9}.Ad-Hoc|Any CPU.Build.0 = Release|x86
		{19E7379E-12DD-4111-BA6C-811F82742DC9}.Ad-Hoc|Any CPU.Deploy.0 = Release|x86
		{19E7379E-12DD-4111-BA6C-811F82742DC9}.Ad-Hoc|ARM.ActiveCfg = Release|ARM
		{19E7379E-12DD-4111-BA6C-811F82742DC9}.Ad-Hoc|ARM.Build.0 = Release|ARM
		{19E7379E-12DD-4111-BA6C-811F82742DC9}.Ad-Hoc|ARM.Deploy.0 = Release|ARM
		{19E7379E-12DD-4111-BA6C-811F82742DC9}.Ad-Hoc|iPhone.ActiveCfg = Release|x86
		{19E7379E-12DD-4111-BA6C-811F82742DC9}.Ad-Hoc|iPhone.Build.0 = Release|x86
		{19E7379E-12DD-4111-BA6C-811F82742DC9}.Ad-Hoc|iPhone.Deploy.0 = Release|x86
		{19E7379E-12DD-4111-BA6C-811F82742DC9}.Ad-Hoc|iPhoneSimulator.ActiveCfg = Release|x86
		{19E7379E-12DD-4111-BA6C-811F82742DC9}.Ad-Hoc|iPhoneSimulator.Build.0 = Release|x86
		{19E7379E-12DD-4111-BA6C-811F82742DC9}.Ad-Hoc|iPhoneSimulator.Deploy.0 = Release|x86
		{19E7379E-12DD-4111-BA6C-811F82742DC9}.Ad-Hoc|x64.ActiveCfg = Release|x64
		{19E7379E-12DD-4111-BA6C-811F82742DC9}.Ad-Hoc|x64.Build.0 = Release|x64
		{19E7379E-12DD-4111-BA6C-811F82742DC9}.Ad-Hoc|x64.Deploy.0 = Release|x64
		{19E7379E-12DD-4111-BA6C-811F82742DC9}.Ad-Hoc|x86.ActiveCfg = Release|x86
		{19E7379E-12DD-4111-BA6C-811F82742DC9}.Ad-Hoc|x86.Build.0 = Release|x86
		{19E7379E-12DD-4111-BA6C-811F82742DC9}.Ad-Hoc|x86.Deploy.0 = Release|x86
		{19E7379E-12DD-4111-BA6C-811F82742DC9}.AppStore|Any CPU.ActiveCfg = Release|x86
		{19E7379E-12DD-4111-BA6C-811F82742DC9}.AppStore|Any CPU.Build.0 = Release|x86
		{19E7379E-12DD-4111-BA6C-811F82742DC9}.AppStore|Any CPU.Deploy.0 = Release|x86
		{19E7379E-12DD-4111-BA6C-811F82742DC9}.AppStore|ARM.ActiveCfg = Release|ARM
		{19E7379E-12DD-4111-BA6C-811F82742DC9}.AppStore|ARM.Build.0 = Release|ARM
		{19E7379E-12DD-4111-BA6C-811F82742DC9}.AppStore|ARM.Deploy.0 = Release|ARM
		{19E7379E-12DD-4111-BA6C-811F82742DC9}.AppStore|iPhone.ActiveCfg = Release|x86
		{19E7379E-12DD-4111-BA6C-811F82742DC9}.AppStore|iPhone.Build.0 = Release|x86
		{19E7379E-12DD-4111-BA6C-811F82742DC9}.AppStore|iPhone.Deploy.0 = Release|x86
		{19E7379E-12DD-4111-BA6C-811F82742DC9}.AppStore|iPhoneSimulator.ActiveCfg = Release|x86
		{19E7379E-12DD-4111-BA6C-811F82742DC9}.AppStore|iPhoneSimulator.Build.0 = Release|x86
		{19E7379E-12DD-4111-BA6C-811F82742DC9}.AppStore|iPhoneSimulator.Deploy.0 = Release|x86
		{19E7379E-12DD-4111-BA6C-811F82742DC9}.AppStore|x64.ActiveCfg = Release|x64
		{19E7379E-12DD-4111-BA6C-811F82742DC9}.AppStore|x64.Build.0 = Release|x64
		{19E7379E-12DD-4111-BA6C-811F82742DC9}.AppStore|x64.Deploy.0 = Release|x64
		{19E7379E-12DD-4111-BA6C-811F82742DC9}.AppStore|x86.ActiveCfg = Release|x86
		{19E7379E-12DD-4111-BA6C-811F82742DC9}.AppStore|x86.Build.0 = Release|x86
		{19E7379E-12DD-4111-BA6C-811F82742DC9}.AppStore|x86.Deploy.0 = Release|x86
		{19E7379E-12DD-4111-BA6C-811F82742DC9}.Debug|Any CPU.ActiveCfg = Debug|x86
		{19E7379E-12DD-4111-BA6C-811F82742DC9}.Debug|ARM.ActiveCfg = Debug|ARM
		{19E7379E-12DD-4111-BA6C-811F82742DC9}.Debug|ARM.Build.0 = Debug|ARM
		{19E7379E-12DD-4111-BA6C-811F82742DC9}.Debug|ARM.Deploy.0 = Debug|ARM
		{19E7379E-12DD-4111-BA6C-811F82742DC9}.Debug|iPhone.ActiveCfg = Debug|x86
		{19E7379E-12DD-4111-BA6C-811F82742DC9}.Debug|iPhoneSimulator.ActiveCfg = Debug|x86
		{19E7379E-12DD-4111-BA6C-811F82742DC9}.Debug|x64.ActiveCfg = Debug|x64
		{19E7379E-12DD-4111-BA6C-811F82742DC9}.Debug|x64.Build.0 = Debug|x64
		{19E7379E-12DD-4111-BA6C-811F82742DC9}.Debug|x64.Deploy.0 = Debug|x64
		{19E7379E-12DD-4111-BA6C-811F82742DC9}.Debug|x86.ActiveCfg = Debug|x86
		{19E7379E-12DD-4111-BA6C-811F82742DC9}.Debug|x86.Build.0 = Debug|x86
		{19E7379E-12DD-4111-BA6C-811F82742DC9}.Debug|x86.Deploy.0 = Debug|x86
		{19E7379E-12DD-4111-BA6C-811F82742DC9}.Release|Any CPU.ActiveCfg = Release|x86
		{19E7379E-12DD-4111-BA6C-811F82742DC9}.Release|ARM.ActiveCfg = Release|ARM
		{19E7379E-12DD-4111-BA6C-811F82742DC9}.Release|ARM.Build.0 = Release|ARM
		{19E7379E-12DD-4111-BA6C-811F82742DC9}.Release|ARM.Deploy.0 = Release|ARM
		{19E7379E-12DD-4111-BA6C-811F82742DC9}.Release|iPhone.ActiveCfg = Release|x86
		{19E7379E-12DD-4111-BA6C-811F82742DC9}.Release|iPhoneSimulator.ActiveCfg = Release|x86
		{19E7379E-12DD-4111-BA6C-811F82742DC9}.Release|x64.ActiveCfg = Release|x64
		{19E7379E-12DD-4111-BA6C-811F82742DC9}.Release|x64.Build.0 = Release|x64
		{19E7379E-12DD-4111-BA6C-811F82742DC9}.Release|x64.Deploy.0 = Release|x64
		{19E7379E-12DD-4111-BA6C-811F82742DC9}.Release|x86.ActiveCfg = Release|x86
		{19E7379E-12DD-4111-BA6C-811F82742DC9}.Release|x86.Build.0 = Release|x86
		{19E7379E-12DD-4111-BA6C-811F82742DC9}.Release|x86.Deploy.0 = Release|x86
	EndGlobalSection
	GlobalSection(SolutionProperties) = preSolution
		HideSolutionNode = FALSE
	EndGlobalSection
	GlobalSection(NestedProjects) = preSolution
		{AB6A0370-D546-48D4-A4BB-59D98C775443} = {68342847-0710-4B71-871E-DBCD661FA43F}
		{DE5B5B73-167B-4F68-B2A7-8A3840AD3F95} = {79FD099D-4910-48C2-9218-EAC73B8C58D5}
		{752CD08D-D2ED-4A95-AA85-B62B68203E7F} = {1921E1AF-B6AC-44D3-9136-28FFD54FB13C}
		{64D98329-3F16-4358-8B44-10026924C8BC} = {1921E1AF-B6AC-44D3-9136-28FFD54FB13C}
		{EF1C8F0B-E8DB-41B3-A359-BE4DE1987838} = {1921E1AF-B6AC-44D3-9136-28FFD54FB13C}
		{19E7379E-12DD-4111-BA6C-811F82742DC9} = {1921E1AF-B6AC-44D3-9136-28FFD54FB13C}
	EndGlobalSection
	GlobalSection(ExtensibilityGlobals) = postSolution
		SolutionGuid = {B04E425C-4403-4309-8C16-648D7A129BAD}
	EndGlobalSection
EndGlobal
